
Microsoft Visual Studio Solution File, Format Version 12.00
Project("{FAE04EC0-301F-11D3-BF4B-00C04F79EFBC}") = "SmartWMS", "SmartWMS\SmartWMS.csproj", "{D9221EB5-F291-46F9-8ED1-BF76CBFAAADE}"
EndProject
Project("{FAE04EC0-301F-11D3-BF4B-00C04F79EFBC}") = "SmartWMSTests", "SmartWMSTests\SmartWMSTests.csproj", "{6BEF7379-1861-4EB6-86DE-346D4D84920C}"
EndProject
Global
	GlobalSection(SolutionConfigurationPlatforms) = preSolution
		Debug|Any CPU = Debug|Any CPU
		Release|Any CPU = Release|Any CPU
	EndGlobalSection
	GlobalSection(ProjectConfigurationPlatforms) = postSolution
		{D9221EB5-F291-46F9-8ED1-BF76CBFAAADE}.Debug|Any CPU.ActiveCfg = Debug|Any CPU
		{D9221EB5-F291-46F9-8ED1-BF76CBFAAADE}.Debug|Any CPU.Build.0 = Debug|Any CPU
		{D9221EB5-F291-46F9-8ED1-BF76CBFAAADE}.Release|Any CPU.ActiveCfg = Release|Any CPU
		{D9221EB5-F291-46F9-8ED1-BF76CBFAAADE}.Release|Any CPU.Build.0 = Release|Any CPU
		{6BEF7379-1861-4EB6-86DE-346D4D84920C}.Debug|Any CPU.ActiveCfg = Debug|Any CPU
		{6BEF7379-1861-4EB6-86DE-346D4D84920C}.Debug|Any CPU.Build.0 = Debug|Any CPU
		{6BEF7379-1861-4EB6-86DE-346D4D84920C}.Release|Any CPU.ActiveCfg = Release|Any CPU
		{6BEF7379-1861-4EB6-86DE-346D4D84920C}.Release|Any CPU.Build.0 = Release|Any CPU
	EndGlobalSection
EndGlobal
